// !$*UTF8*$!
{
	archiveVersion = 1;
	classes = {
	};
	objectVersion = 55;
	objects = {

/* Begin PBXBuildFile section */
		42C92C9927D0370100059D22 /* AppDelegate.swift in Sources */ = {isa = PBXBuildFile; fileRef = 42C92C9827D0370100059D22 /* AppDelegate.swift */; };
		42C92C9B27D0370100059D22 /* SceneDelegate.swift in Sources */ = {isa = PBXBuildFile; fileRef = 42C92C9A27D0370100059D22 /* SceneDelegate.swift */; };
		42C92C9D27D0370100059D22 /* ViewController.swift in Sources */ = {isa = PBXBuildFile; fileRef = 42C92C9C27D0370100059D22 /* ViewController.swift */; };
		42C92CA027D0370100059D22 /* Main.storyboard in Resources */ = {isa = PBXBuildFile; fileRef = 42C92C9E27D0370100059D22 /* Main.storyboard */; };
		42C92CA227D0370200059D22 /* Assets.xcassets in Resources */ = {isa = PBXBuildFile; fileRef = 42C92CA127D0370200059D22 /* Assets.xcassets */; };
		42C92CA527D0370200059D22 /* LaunchScreen.storyboard in Resources */ = {isa = PBXBuildFile; fileRef = 42C92CA327D0370200059D22 /* LaunchScreen.storyboard */; };
		42C92CB027D0370200059D22 /* Lab05AbsolutesTests.swift in Sources */ = {isa = PBXBuildFile; fileRef = 42C92CAF27D0370200059D22 /* Lab05AbsolutesTests.swift */; };
		42C92CBA27D0370200059D22 /* Lab05AbsolutesUITests.swift in Sources */ = {isa = PBXBuildFile; fileRef = 42C92CB927D0370200059D22 /* Lab05AbsolutesUITests.swift */; };
		42C92CBC27D0370200059D22 /* Lab05AbsolutesUITestsLaunchTests.swift in Sources */ = {isa = PBXBuildFile; fileRef = 42C92CBB27D0370200059D22 /* Lab05AbsolutesUITestsLaunchTests.swift */; };
/* End PBXBuildFile section */

/* Begin PBXContainerItemProxy section */
		42C92CAC27D0370200059D22 /* PBXContainerItemProxy */ = {
			isa = PBXContainerItemProxy;
			containerPortal = 42C92C8D27D0370100059D22 /* Project object */;
			proxyType = 1;
			remoteGlobalIDString = 42C92C9427D0370100059D22;
			remoteInfo = Lab05Absolutes;
		};
		42C92CB627D0370200059D22 /* PBXContainerItemProxy */ = {
			isa = PBXContainerItemProxy;
			containerPortal = 42C92C8D27D0370100059D22 /* Project object */;
			proxyType = 1;
			remoteGlobalIDString = 42C92C9427D0370100059D22;
			remoteInfo = Lab05Absolutes;
		};
/* End PBXContainerItemProxy section */

/* Begin PBXFileReference section */
		42C92C9527D0370100059D22 /* Lab05Absolutes.app */ = {isa = PBXFileReference; explicitFileType = wrapper.application; includeInIndex = 0; path = Lab05Absolutes.app; sourceTree = BUILT_PRODUCTS_DIR; };
		42C92C9827D0370100059D22 /* AppDelegate.swift */ = {isa = PBXFileReference; lastKnownFileType = sourcecode.swift; path = AppDelegate.swift; sourceTree = "<group>"; };
		42C92C9A27D0370100059D22 /* SceneDelegate.swift */ = {isa = PBXFileReference; lastKnownFileType = sourcecode.swift; path = SceneDelegate.swift; sourceTree = "<group>"; };
		42C92C9C27D0370100059D22 /* ViewController.swift */ = {isa = PBXFileReference; lastKnownFileType = sourcecode.swift; path = ViewController.swift; sourceTree = "<group>"; };
		42C92C9F27D0370100059D22 /* Base */ = {isa = PBXFileReference; lastKnownFileType = file.storyboard; name = Base; path = Base.lproj/Main.storyboard; sourceTree = "<group>"; };
		42C92CA127D0370200059D22 /* Assets.xcassets */ = {isa = PBXFileReference; lastKnownFileType = folder.assetcatalog; path = Assets.xcassets; sourceTree = "<group>"; };
		42C92CA427D0370200059D22 /* Base */ = {isa = PBXFileReference; lastKnownFileType = file.storyboard; name = Base; path = Base.lproj/LaunchScreen.storyboard; sourceTree = "<group>"; };
		42C92CA627D0370200059D22 /* Info.plist */ = {isa = PBXFileReference; lastKnownFileType = text.plist.xml; path = Info.plist; sourceTree = "<group>"; };
		42C92CAB27D0370200059D22 /* Lab05AbsolutesTests.xctest */ = {isa = PBXFileReference; explicitFileType = wrapper.cfbundle; includeInIndex = 0; path = Lab05AbsolutesTests.xctest; sourceTree = BUILT_PRODUCTS_DIR; };
		42C92CAF27D0370200059D22 /* Lab05AbsolutesTests.swift */ = {isa = PBXFileReference; lastKnownFileType = sourcecode.swift; path = Lab05AbsolutesTests.swift; sourceTree = "<group>"; };
		42C92CB527D0370200059D22 /* Lab05AbsolutesUITests.xctest */ = {isa = PBXFileReference; explicitFileType = wrapper.cfbundle; includeInIndex = 0; path = Lab05AbsolutesUITests.xctest; sourceTree = BUILT_PRODUCTS_DIR; };
		42C92CB927D0370200059D22 /* Lab05AbsolutesUITests.swift */ = {isa = PBXFileReference; lastKnownFileType = sourcecode.swift; path = Lab05AbsolutesUITests.swift; sourceTree = "<group>"; };
		42C92CBB27D0370200059D22 /* Lab05AbsolutesUITestsLaunchTests.swift */ = {isa = PBXFileReference; lastKnownFileType = sourcecode.swift; path = Lab05AbsolutesUITestsLaunchTests.swift; sourceTree = "<group>"; };
/* End PBXFileReference section */

/* Begin PBXFrameworksBuildPhase section */
		42C92C9227D0370100059D22 /* Frameworks */ = {
			isa = PBXFrameworksBuildPhase;
			buildActionMask = 2147483647;
			files = (
			);
			runOnlyForDeploymentPostprocessing = 0;
		};
		42C92CA827D0370200059D22 /* Frameworks */ = {
			isa = PBXFrameworksBuildPhase;
			buildActionMask = 2147483647;
			files = (
			);
			runOnlyForDeploymentPostprocessing = 0;
		};
		42C92CB227D0370200059D22 /* Frameworks */ = {
			isa = PBXFrameworksBuildPhase;
			buildActionMask = 2147483647;
			files = (
			);
			runOnlyForDeploymentPostprocessing = 0;
		};
/* End PBXFrameworksBuildPhase section */

/* Begin PBXGroup section */
		42C92C8C27D0370100059D22 = {
			isa = PBXGroup;
			children = (
				42C92C9727D0370100059D22 /* Lab05Absolutes */,
				42C92CAE27D0370200059D22 /* Lab05AbsolutesTests */,
				42C92CB827D0370200059D22 /* Lab05AbsolutesUITests */,
				42C92C9627D0370100059D22 /* Products */,
			);
			sourceTree = "<group>";
		};
		42C92C9627D0370100059D22 /* Products */ = {
			isa = PBXGroup;
			children = (
				42C92C9527D0370100059D22 /* Lab05Absolutes.app */,
				42C92CAB27D0370200059D22 /* Lab05AbsolutesTests.xctest */,
				42C92CB527D0370200059D22 /* Lab05AbsolutesUITests.xctest */,
			);
			name = Products;
			sourceTree = "<group>";
		};
		42C92C9727D0370100059D22 /* Lab05Absolutes */ = {
			isa = PBXGroup;
			children = (
				42C92C9827D0370100059D22 /* AppDelegate.swift */,
				42C92C9A27D0370100059D22 /* SceneDelegate.swift */,
				42C92C9C27D0370100059D22 /* ViewController.swift */,
				42C92C9E27D0370100059D22 /* Main.storyboard */,
				42C92CA127D0370200059D22 /* Assets.xcassets */,
				42C92CA327D0370200059D22 /* LaunchScreen.storyboard */,
				42C92CA627D0370200059D22 /* Info.plist */,
			);
			path = Lab05Absolutes;
			sourceTree = "<group>";
		};
		42C92CAE27D0370200059D22 /* Lab05AbsolutesTests */ = {
			isa = PBXGroup;
			children = (
				42C92CAF27D0370200059D22 /* Lab05AbsolutesTests.swift */,
			);
			path = Lab05AbsolutesTests;
			sourceTree = "<group>";
		};
		42C92CB827D0370200059D22 /* Lab05AbsolutesUITests */ = {
			isa = PBXGroup;
			children = (
				42C92CB927D0370200059D22 /* Lab05AbsolutesUITests.swift */,
				42C92CBB27D0370200059D22 /* Lab05AbsolutesUITestsLaunchTests.swift */,
			);
			path = Lab05AbsolutesUITests;
			sourceTree = "<group>";
		};
/* End PBXGroup section */

/* Begin PBXNativeTarget section */
		42C92C9427D0370100059D22 /* Lab05Absolutes */ = {
			isa = PBXNativeTarget;
			buildConfigurationList = 42C92CBF27D0370200059D22 /* Build configuration list for PBXNativeTarget "Lab05Absolutes" */;
			buildPhases = (
				42C92C9127D0370100059D22 /* Sources */,
				42C92C9227D0370100059D22 /* Frameworks */,
				42C92C9327D0370100059D22 /* Resources */,
			);
			buildRules = (
			);
			dependencies = (
			);
			name = Lab05Absolutes;
			productName = Lab05Absolutes;
			productReference = 42C92C9527D0370100059D22 /* Lab05Absolutes.app */;
			productType = "com.apple.product-type.application";
		};
		42C92CAA27D0370200059D22 /* Lab05AbsolutesTests */ = {
			isa = PBXNativeTarget;
			buildConfigurationList = 42C92CC227D0370200059D22 /* Build configuration list for PBXNativeTarget "Lab05AbsolutesTests" */;
			buildPhases = (
				42C92CA727D0370200059D22 /* Sources */,
				42C92CA827D0370200059D22 /* Frameworks */,
				42C92CA927D0370200059D22 /* Resources */,
			);
			buildRules = (
			);
			dependencies = (
				42C92CAD27D0370200059D22 /* PBXTargetDependency */,
			);
			name = Lab05AbsolutesTests;
			productName = Lab05AbsolutesTests;
			productReference = 42C92CAB27D0370200059D22 /* Lab05AbsolutesTests.xctest */;
			productType = "com.apple.product-type.bundle.unit-test";
		};
		42C92CB427D0370200059D22 /* Lab05AbsolutesUITests */ = {
			isa = PBXNativeTarget;
			buildConfigurationList = 42C92CC527D0370200059D22 /* Build configuration list for PBXNativeTarget "Lab05AbsolutesUITests" */;
			buildPhases = (
				42C92CB127D0370200059D22 /* Sources */,
				42C92CB227D0370200059D22 /* Frameworks */,
				42C92CB327D0370200059D22 /* Resources */,
			);
			buildRules = (
			);
			dependencies = (
				42C92CB727D0370200059D22 /* PBXTargetDependency */,
			);
			name = Lab05AbsolutesUITests;
			productName = Lab05AbsolutesUITests;
			productReference = 42C92CB527D0370200059D22 /* Lab05AbsolutesUITests.xctest */;
			productType = "com.apple.product-type.bundle.ui-testing";
		};
/* End PBXNativeTarget section */

/* Begin PBXProject section */
		42C92C8D27D0370100059D22 /* Project object */ = {
			isa = PBXProject;
			attributes = {
				BuildIndependentTargetsInParallel = 1;
				LastSwiftUpdateCheck = 1320;
				LastUpgradeCheck = 1320;
				TargetAttributes = {
					42C92C9427D0370100059D22 = {
						CreatedOnToolsVersion = 13.2.1;
					};
					42C92CAA27D0370200059D22 = {
						CreatedOnToolsVersion = 13.2.1;
						TestTargetID = 42C92C9427D0370100059D22;
					};
					42C92CB427D0370200059D22 = {
						CreatedOnToolsVersion = 13.2.1;
						TestTargetID = 42C92C9427D0370100059D22;
					};
				};
			};
			buildConfigurationList = 42C92C9027D0370100059D22 /* Build configuration list for PBXProject "Lab05Absolutes" */;
			compatibilityVersion = "Xcode 13.0";
			developmentRegion = en;
			hasScannedForEncodings = 0;
			knownRegions = (
				en,
				Base,
			);
			mainGroup = 42C92C8C27D0370100059D22;
			productRefGroup = 42C92C9627D0370100059D22 /* Products */;
			projectDirPath = "";
			projectRoot = "";
			targets = (
				42C92C9427D0370100059D22 /* Lab05Absolutes */,
				42C92CAA27D0370200059D22 /* Lab05AbsolutesTests */,
				42C92CB427D0370200059D22 /* Lab05AbsolutesUITests */,
			);
		};
/* End PBXProject section */

/* Begin PBXResourcesBuildPhase section */
		42C92C9327D0370100059D22 /* Resources */ = {
			isa = PBXResourcesBuildPhase;
			buildActionMask = 2147483647;
			files = (
				42C92CA527D0370200059D22 /* LaunchScreen.storyboard in Resources */,
				42C92CA227D0370200059D22 /* Assets.xcassets in Resources */,
				42C92CA027D0370100059D22 /* Main.storyboard in Resources */,
			);
			runOnlyForDeploymentPostprocessing = 0;
		};
		42C92CA927D0370200059D22 /* Resources */ = {
			isa = PBXResourcesBuildPhase;
			buildActionMask = 2147483647;
			files = (
			);
			runOnlyForDeploymentPostprocessing = 0;
		};
		42C92CB327D0370200059D22 /* Resources */ = {
			isa = PBXResourcesBuildPhase;
			buildActionMask = 2147483647;
			files = (
			);
			runOnlyForDeploymentPostprocessing = 0;
		};
/* End PBXResourcesBuildPhase section */

/* Begin PBXSourcesBuildPhase section */
		42C92C9127D0370100059D22 /* Sources */ = {
			isa = PBXSourcesBuildPhase;
			buildActionMask = 2147483647;
			files = (
				42C92C9D27D0370100059D22 /* ViewController.swift in Sources */,
				42C92C9927D0370100059D22 /* AppDelegate.swift in Sources */,
				42C92C9B27D0370100059D22 /* SceneDelegate.swift in Sources */,
			);
			runOnlyForDeploymentPostprocessing = 0;
		};
		42C92CA727D0370200059D22 /* Sources */ = {
			isa = PBXSourcesBuildPhase;
			buildActionMask = 2147483647;
			files = (
				42C92CB027D0370200059D22 /* Lab05AbsolutesTests.swift in Sources */,
			);
			runOnlyForDeploymentPostprocessing = 0;
		};
		42C92CB127D0370200059D22 /* Sources */ = {
			isa = PBXSourcesBuildPhase;
			buildActionMask = 2147483647;
			files = (
				42C92CBC27D0370200059D22 /* Lab05AbsolutesUITestsLaunchTests.swift in Sources */,
				42C92CBA27D0370200059D22 /* Lab05AbsolutesUITests.swift in Sources */,
			);
			runOnlyForDeploymentPostprocessing = 0;
		};
/* End PBXSourcesBuildPhase section */

/* Begin PBXTargetDependency section */
		42C92CAD27D0370200059D22 /* PBXTargetDependency */ = {
			isa = PBXTargetDependency;
			target = 42C92C9427D0370100059D22 /* Lab05Absolutes */;
			targetProxy = 42C92CAC27D0370200059D22 /* PBXContainerItemProxy */;
		};
		42C92CB727D0370200059D22 /* PBXTargetDependency */ = {
			isa = PBXTargetDependency;
			target = 42C92C9427D0370100059D22 /* Lab05Absolutes */;
			targetProxy = 42C92CB627D0370200059D22 /* PBXContainerItemProxy */;
		};
/* End PBXTargetDependency section */

/* Begin PBXVariantGroup section */
		42C92C9E27D0370100059D22 /* Main.storyboard */ = {
			isa = PBXVariantGroup;
			children = (
				42C92C9F27D0370100059D22 /* Base */,
			);
			name = Main.storyboard;
			sourceTree = "<group>";
		};
		42C92CA327D0370200059D22 /* LaunchScreen.storyboard */ = {
			isa = PBXVariantGroup;
			children = (
				42C92CA427D0370200059D22 /* Base */,
			);
			name = LaunchScreen.storyboard;
			sourceTree = "<group>";
		};
/* End PBXVariantGroup section */

/* Begin XCBuildConfiguration section */
		42C92CBD27D0370200059D22 /* Debug */ = {
			isa = XCBuildConfiguration;
			buildSettings = {
				ALWAYS_SEARCH_USER_PATHS = NO;
				CLANG_ANALYZER_NONNULL = YES;
				CLANG_ANALYZER_NUMBER_OBJECT_CONVERSION = YES_AGGRESSIVE;
				CLANG_CXX_LANGUAGE_STANDARD = "gnu++17";
				CLANG_CXX_LIBRARY = "libc++";
				CLANG_ENABLE_MODULES = YES;
				CLANG_ENABLE_OBJC_ARC = YES;
				CLANG_ENABLE_OBJC_WEAK = YES;
				CLANG_WARN_BLOCK_CAPTURE_AUTORELEASING = YES;
				CLANG_WARN_BOOL_CONVERSION = YES;
				CLANG_WARN_COMMA = YES;
				CLANG_WARN_CONSTANT_CONVERSION = YES;
				CLANG_WARN_DEPRECATED_OBJC_IMPLEMENTATIONS = YES;
				CLANG_WARN_DIRECT_OBJC_ISA_USAGE = YES_ERROR;
				CLANG_WARN_DOCUMENTATION_COMMENTS = YES;
				CLANG_WARN_EMPTY_BODY = YES;
				CLANG_WARN_ENUM_CONVERSION = YES;
				CLANG_WARN_INFINITE_RECURSION = YES;
				CLANG_WARN_INT_CONVERSION = YES;
				CLANG_WARN_NON_LITERAL_NULL_CONVERSION = YES;
				CLANG_WARN_OBJC_IMPLICIT_RETAIN_SELF = YES;
				CLANG_WARN_OBJC_LITERAL_CONVERSION = YES;
				CLANG_WARN_OBJC_ROOT_CLASS = YES_ERROR;
				CLANG_WARN_QUOTED_INCLUDE_IN_FRAMEWORK_HEADER = YES;
				CLANG_WARN_RANGE_LOOP_ANALYSIS = YES;
				CLANG_WARN_STRICT_PROTOTYPES = YES;
				CLANG_WARN_SUSPICIOUS_MOVE = YES;
				CLANG_WARN_UNGUARDED_AVAILABILITY = YES_AGGRESSIVE;
				CLANG_WARN_UNREACHABLE_CODE = YES;
				CLANG_WARN__DUPLICATE_METHOD_MATCH = YES;
				COPY_PHASE_STRIP = NO;
				DEBUG_INFORMATION_FORMAT = dwarf;
				ENABLE_STRICT_OBJC_MSGSEND = YES;
				ENABLE_TESTABILITY = YES;
				GCC_C_LANGUAGE_STANDARD = gnu11;
				GCC_DYNAMIC_NO_PIC = NO;
				GCC_NO_COMMON_BLOCKS = YES;
				GCC_OPTIMIZATION_LEVEL = 0;
				GCC_PREPROCESSOR_DEFINITIONS = (
					"DEBUG=1",
					"$(inherited)",
				);
				GCC_WARN_64_TO_32_BIT_CONVERSION = YES;
				GCC_WARN_ABOUT_RETURN_TYPE = YES_ERROR;
				GCC_WARN_UNDECLARED_SELECTOR = YES;
				GCC_WARN_UNINITIALIZED_AUTOS = YES_AGGRESSIVE;
				GCC_WARN_UNUSED_FUNCTION = YES;
				GCC_WARN_UNUSED_VARIABLE = YES;
				IPHONEOS_DEPLOYMENT_TARGET = 15.2;
				MTL_ENABLE_DEBUG_INFO = INCLUDE_SOURCE;
				MTL_FAST_MATH = YES;
				ONLY_ACTIVE_ARCH = YES;
				SDKROOT = iphoneos;
				SWIFT_ACTIVE_COMPILATION_CONDITIONS = DEBUG;
				SWIFT_OPTIMIZATION_LEVEL = "-Onone";
			};
			name = Debug;
		};
		42C92CBE27D0370200059D22 /* Release */ = {
			isa = XCBuildConfiguration;
			buildSettings = {
				ALWAYS_SEARCH_USER_PATHS = NO;
				CLANG_ANALYZER_NONNULL = YES;
				CLANG_ANALYZER_NUMBER_OBJECT_CONVERSION = YES_AGGRESSIVE;
				CLANG_CXX_LANGUAGE_STANDARD = "gnu++17";
				CLANG_CXX_LIBRARY = "libc++";
				CLANG_ENABLE_MODULES = YES;
				CLANG_ENABLE_OBJC_ARC = YES;
				CLANG_ENABLE_OBJC_WEAK = YES;
				CLANG_WARN_BLOCK_CAPTURE_AUTORELEASING = YES;
				CLANG_WARN_BOOL_CONVERSION = YES;
				CLANG_WARN_COMMA = YES;
				CLANG_WARN_CONSTANT_CONVERSION = YES;
				CLANG_WARN_DEPRECATED_OBJC_IMPLEMENTATIONS = YES;
				CLANG_WARN_DIRECT_OBJC_ISA_USAGE = YES_ERROR;
				CLANG_WARN_DOCUMENTATION_COMMENTS = YES;
				CLANG_WARN_EMPTY_BODY = YES;
				CLANG_WARN_ENUM_CONVERSION = YES;
				CLANG_WARN_INFINITE_RECURSION = YES;
				CLANG_WARN_INT_CONVERSION = YES;
				CLANG_WARN_NON_LITERAL_NULL_CONVERSION = YES;
				CLANG_WARN_OBJC_IMPLICIT_RETAIN_SELF = YES;
				CLANG_WARN_OBJC_LITERAL_CONVERSION = YES;
				CLANG_WARN_OBJC_ROOT_CLASS = YES_ERROR;
				CLANG_WARN_QUOTED_INCLUDE_IN_FRAMEWORK_HEADER = YES;
				CLANG_WARN_RANGE_LOOP_ANALYSIS = YES;
				CLANG_WARN_STRICT_PROTOTYPES = YES;
				CLANG_WARN_SUSPICIOUS_MOVE = YES;
				CLANG_WARN_UNGUARDED_AVAILABILITY = YES_AGGRESSIVE;
				CLANG_WARN_UNREACHABLE_CODE = YES;
				CLANG_WARN__DUPLICATE_METHOD_MATCH = YES;
				COPY_PHASE_STRIP = NO;
				DEBUG_INFORMATION_FORMAT = "dwarf-with-dsym";
				ENABLE_NS_ASSERTIONS = NO;
				ENABLE_STRICT_OBJC_MSGSEND = YES;
				GCC_C_LANGUAGE_STANDARD = gnu11;
				GCC_NO_COMMON_BLOCKS = YES;
				GCC_WARN_64_TO_32_BIT_CONVERSION = YES;
				GCC_WARN_ABOUT_RETURN_TYPE = YES_ERROR;
				GCC_WARN_UNDECLARED_SELECTOR = YES;
				GCC_WARN_UNINITIALIZED_AUTOS = YES_AGGRESSIVE;
				GCC_WARN_UNUSED_FUNCTION = YES;
				GCC_WARN_UNUSED_VARIABLE = YES;
				IPHONEOS_DEPLOYMENT_TARGET = 15.2;
				MTL_ENABLE_DEBUG_INFO = NO;
				MTL_FAST_MATH = YES;
				SDKROOT = iphoneos;
				SWIFT_COMPILATION_MODE = wholemodule;
				SWIFT_OPTIMIZATION_LEVEL = "-O";
				VALIDATE_PRODUCT = YES;
			};
			name = Release;
		};
		42C92CC027D0370200059D22 /* Debug */ = {
			isa = XCBuildConfiguration;
			buildSettings = {
				ASSETCATALOG_COMPILER_APPICON_NAME = AppIcon;
				ASSETCATALOG_COMPILER_GLOBAL_ACCENT_COLOR_NAME = AccentColor;
				CODE_SIGN_STYLE = Automatic;
				CURRENT_PROJECT_VERSION = 1;
				GENERATE_INFOPLIST_FILE = YES;
				INFOPLIST_FILE = Lab05Absolutes/Info.plist;
				INFOPLIST_KEY_UIApplicationSupportsIndirectInputEvents = YES;
				INFOPLIST_KEY_UILaunchStoryboardName = LaunchScreen;
				INFOPLIST_KEY_UIMainStoryboardFile = Main;
				INFOPLIST_KEY_UISupportedInterfaceOrientations_iPad = "UIInterfaceOrientationPortrait UIInterfaceOrientationPortraitUpsideDown UIInterfaceOrientationLandscapeLeft UIInterfaceOrientationLandscapeRight";
				INFOPLIST_KEY_UISupportedInterfaceOrientations_iPhone = "UIInterfaceOrientationPortrait UIInterfaceOrientationLandscapeLeft UIInterfaceOrientationLandscapeRight";
				LD_RUNPATH_SEARCH_PATHS = (
					"$(inherited)",
					"@executable_path/Frameworks",
				);
				MARKETING_VERSION = 1.0;
				PRODUCT_BUNDLE_IDENTIFIER = edu.athens.Lab05Absolutes;
				PRODUCT_NAME = "$(TARGET_NAME)";
				SWIFT_EMIT_LOC_STRINGS = YES;
				SWIFT_VERSION = 5.0;
				TARGETED_DEVICE_FAMILY = "1,2";
			};
			name = Debug;
		};
		42C92CC127D0370200059D22 /* Release */ = {
			isa = XCBuildConfiguration;
			buildSettings = {
				ASSETCATALOG_COMPILER_APPICON_NAME = AppIcon;
				ASSETCATALOG_COMPILER_GLOBAL_ACCENT_COLOR_NAME = AccentColor;
				CODE_SIGN_STYLE = Automatic;
				CURRENT_PROJECT_VERSION = 1;
				GENERATE_INFOPLIST_FILE = YES;
				INFOPLIST_FILE = Lab05Absolutes/Info.plist;
				INFOPLIST_KEY_UIApplicationSupportsIndirectInputEvents = YES;
				INFOPLIST_KEY_UILaunchStoryboardName = LaunchScreen;
				INFOPLIST_KEY_UIMainStoryboardFile = Main;
				INFOPLIST_KEY_UISupportedInterfaceOrientations_iPad = "UIInterfaceOrientationPortrait UIInterfaceOrientationPortraitUpsideDown UIInterfaceOrientationLandscapeLeft UIInterfaceOrientationLandscapeRight";
				INFOPLIST_KEY_UISupportedInterfaceOrientations_iPhone = "UIInterfaceOrientationPortrait UIInterfaceOrientationLandscapeLeft UIInterfaceOrientationLandscapeRight";
				LD_RUNPATH_SEARCH_PATHS = (
					"$(inherited)",
					"@executable_path/Frameworks",
				);
				MARKETING_VERSION = 1.0;
				PRODUCT_BUNDLE_IDENTIFIER = edu.athens.Lab05Absolutes;
				PRODUCT_NAME = "$(TARGET_NAME)";
				SWIFT_EMIT_LOC_STRINGS = YES;
				SWIFT_VERSION = 5.0;
				TARGETED_DEVICE_FAMILY = "1,2";
			};
			name = Release;
		};
		42C92CC327D0370200059D22 /* Debug */ = {
			isa = XCBuildConfiguration;
			buildSettings = {
				ALWAYS_EMBED_SWIFT_STANDARD_LIBRARIES = YES;
				BUNDLE_LOADER = "$(TEST_HOST)";
				CODE_SIGN_STYLE = Automatic;
				CURRENT_PROJECT_VERSION = 1;
				GENERATE_INFOPLIST_FILE = YES;
				IPHONEOS_DEPLOYMENT_TARGET = 15.2;
				MARKETING_VERSION = 1.0;
				PRODUCT_BUNDLE_IDENTIFIER = edu.athens.Lab05AbsolutesTests;
				PRODUCT_NAME = "$(TARGET_NAME)";
				SWIFT_EMIT_LOC_STRINGS = NO;
				SWIFT_VERSION = 5.0;
				TARGETED_DEVICE_FAMILY = "1,2";
				TEST_HOST = "$(BUILT_PRODUCTS_DIR)/Lab05Absolutes.app/Lab05Absolutes";
			};
			name = Debug;
		};
		42C92CC427D0370200059D22 /* Release */ = {
			isa = XCBuildConfiguration;
			buildSettings = {
				ALWAYS_EMBED_SWIFT_STANDARD_LIBRARIES = YES;
				BUNDLE_LOADER = "$(TEST_HOST)";
				CODE_SIGN_STYLE = Automatic;
				CURRENT_PROJECT_VERSION = 1;
				GENERATE_INFOPLIST_FILE = YES;
				IPHONEOS_DEPLOYMENT_TARGET = 15.2;
				MARKETING_VERSION = 1.0;
				PRODUCT_BUNDLE_IDENTIFIER = edu.athens.Lab05AbsolutesTests;
				PRODUCT_NAME = "$(TARGET_NAME)";
				SWIFT_EMIT_LOC_STRINGS = NO;
				SWIFT_VERSION = 5.0;
				TARGETED_DEVICE_FAMILY = "1,2";
				TEST_HOST = "$(BUILT_PRODUCTS_DIR)/Lab05Absolutes.app/Lab05Absolutes";
			};
			name = Release;
		};
		42C92CC627D0370200059D22 /* Debug */ = {
			isa = XCBuildConfiguration;
			buildSettings = {
				ALWAYS_EMBED_SWIFT_STANDARD_LIBRARIES = YES;
				CODE_SIGN_STYLE = Automatic;
				CURRENT_PROJECT_VERSION = 1;
				GENERATE_INFOPLIST_FILE = YES;
				MARKETING_VERSION = 1.0;
				PRODUCT_BUNDLE_IDENTIFIER = edu.athens.Lab05AbsolutesUITests;
				PRODUCT_NAME = "$(TARGET_NAME)";
				SWIFT_EMIT_LOC_STRINGS = NO;
				SWIFT_VERSION = 5.0;
				TARGETED_DEVICE_FAMILY = "1,2";
				TEST_TARGET_NAME = Lab05Absolutes;
			};
			name = Debug;
		};
		42C92CC727D0370200059D22 /* Release */ = {
			isa = XCBuildConfiguration;
			buildSettings = {
				ALWAYS_EMBED_SWIFT_STANDARD_LIBRARIES = YES;
				CODE_SIGN_STYLE = Automatic;
				CURRENT_PROJECT_VERSION = 1;
				GENERATE_INFOPLIST_FILE = YES;
				MARKETING_VERSION = 1.0;
				PRODUCT_BUNDLE_IDENTIFIER = edu.athens.Lab05AbsolutesUITests;
				PRODUCT_NAME = "$(TARGET_NAME)";
				SWIFT_EMIT_LOC_STRINGS = NO;
				SWIFT_VERSION = 5.0;
				TARGETED_DEVICE_FAMILY = "1,2";
				TEST_TARGET_NAME = Lab05Absolutes;
			};
			name = Release;
		};
/* End XCBuildConfiguration section */

/* Begin XCConfigurationList section */
		42C92C9027D0370100059D22 /* Build configuration list for PBXProject "Lab05Absolutes" */ = {
			isa = XCConfigurationList;
			buildConfigurations = (
				42C92CBD27D0370200059D22 /* Debug */,
				42C92CBE27D0370200059D22 /* Release */,
			);
			defaultConfigurationIsVisible = 0;
			defaultConfigurationName = Release;
		};
		42C92CBF27D0370200059D22 /* Build configuration list for PBXNativeTarget "Lab05Absolutes" */ = {
			isa = XCConfigurationList;
			buildConfigurations = (
				42C92CC027D0370200059D22 /* Debug */,
				42C92CC127D0370200059D22 /* Release */,
			);
			defaultConfigurationIsVisible = 0;
			defaultConfigurationName = Release;
		};
		42C92CC227D0370200059D22 /* Build configuration list for PBXNativeTarget "Lab05AbsolutesTests" */ = {
			isa = XCConfigurationList;
			buildConfigurations = (
				42C92CC327D0370200059D22 /* Debug */,
				42C92CC427D0370200059D22 /* Release */,
			);
			defaultConfigurationIsVisible = 0;
			defaultConfigurationName = Release;
		};
		42C92CC527D0370200059D22 /* Build configuration list for PBXNativeTarget "Lab05AbsolutesUITests" */ = {
			isa = XCConfigurationList;
			buildConfigurations = (
				42C92CC627D0370200059D22 /* Debug */,
				42C92CC727D0370200059D22 /* Release */,
			);
			defaultConfigurationIsVisible = 0;
			defaultConfigurationName = Release;
		};
/* End XCConfigurationList section */
	};
	rootObject = 42C92C8D27D0370100059D22 /* Project object */;
}
